// !$*UTF8*$!
{
	archiveVersion = 1;
	classes = {
	};
	objectVersion = 48;
	objects = {

/* Begin PBXBuildFile section */
		061030AC229FE3A700956790 /* UIControl+Extensions.swift in Sources */ = {isa = PBXBuildFile; fileRef = 061030AB229FE3A700956790 /* UIControl+Extensions.swift */; };
		06148F4220A563DF00A37BE6 /* .travis.yml in Resources */ = {isa = PBXBuildFile; fileRef = 06148F4120A563DF00A37BE6 /* .travis.yml */; };
		061B5884209ADABA00AF03AC /* UIView+Extensions.swift in Sources */ = {isa = PBXBuildFile; fileRef = 061B5883209ADABA00AF03AC /* UIView+Extensions.swift */; };
		061B5886209AEF8600AF03AC /* UIButton+Extensions.swift in Sources */ = {isa = PBXBuildFile; fileRef = 061B5885209AEF8600AF03AC /* UIButton+Extensions.swift */; };
		061B5888209AF07300AF03AC /* UILabel+Extensions.swift in Sources */ = {isa = PBXBuildFile; fileRef = 061B5887209AF07300AF03AC /* UILabel+Extensions.swift */; };
		061B588A209AF4C100AF03AC /* UITextField+Extensions.swift in Sources */ = {isa = PBXBuildFile; fileRef = 061B5889209AF4C100AF03AC /* UITextField+Extensions.swift */; };
		061B588E209B026400AF03AC /* LICENSE in Resources */ = {isa = PBXBuildFile; fileRef = 061B588D209B026400AF03AC /* LICENSE */; };
		061B5890209B07CF00AF03AC /* README.md in Resources */ = {isa = PBXBuildFile; fileRef = 061B588F209B07CF00AF03AC /* README.md */; };
		061B5892209B132F00AF03AC /* Oneline.podspec in Resources */ = {isa = PBXBuildFile; fileRef = 061B5891209B132F00AF03AC /* Oneline.podspec */; };
		063F89D322BF63ED00B95C12 /* UIStackView+Extensions.swift in Sources */ = {isa = PBXBuildFile; fileRef = 063F89D222BF63ED00B95C12 /* UIStackView+Extensions.swift */; };
		064DF2E120A41FB2005EA81D /* Default-568h@2x.png in Resources */ = {isa = PBXBuildFile; fileRef = 064DF2E020A41FB2005EA81D /* Default-568h@2x.png */; };
		0667D61720AACF5D00B0ADD0 /* OnelineTests.swift in Sources */ = {isa = PBXBuildFile; fileRef = 0667D61620AACF5D00B0ADD0 /* OnelineTests.swift */; };
		06E2C13B209ACD4C00D7546C /* AppDelegate.swift in Sources */ = {isa = PBXBuildFile; fileRef = 06E2C13A209ACD4C00D7546C /* AppDelegate.swift */; };
		06E2C13D209ACD4C00D7546C /* ViewController.swift in Sources */ = {isa = PBXBuildFile; fileRef = 06E2C13C209ACD4C00D7546C /* ViewController.swift */; };
		06E2C140209ACD4C00D7546C /* Main.storyboard in Resources */ = {isa = PBXBuildFile; fileRef = 06E2C13E209ACD4C00D7546C /* Main.storyboard */; };
		06E2C142209ACD4C00D7546C /* Assets.xcassets in Resources */ = {isa = PBXBuildFile; fileRef = 06E2C141209ACD4C00D7546C /* Assets.xcassets */; };
		06E2C145209ACD4C00D7546C /* LaunchScreen.storyboard in Resources */ = {isa = PBXBuildFile; fileRef = 06E2C143209ACD4C00D7546C /* LaunchScreen.storyboard */; };
/* End PBXBuildFile section */

/* Begin PBXContainerItemProxy section */
		0667D61920AACF5D00B0ADD0 /* PBXContainerItemProxy */ = {
			isa = PBXContainerItemProxy;
			containerPortal = 06E2C12F209ACD4C00D7546C /* Project object */;
			proxyType = 1;
			remoteGlobalIDString = 06E2C136209ACD4C00D7546C;
			remoteInfo = Oneline;
		};
/* End PBXContainerItemProxy section */

/* Begin PBXFileReference section */
		061030AB229FE3A700956790 /* UIControl+Extensions.swift */ = {isa = PBXFileReference; lastKnownFileType = sourcecode.swift; path = "UIControl+Extensions.swift"; sourceTree = "<group>"; };
		06148F4120A563DF00A37BE6 /* .travis.yml */ = {isa = PBXFileReference; lastKnownFileType = text; path = .travis.yml; sourceTree = "<group>"; };
		061B5883209ADABA00AF03AC /* UIView+Extensions.swift */ = {isa = PBXFileReference; fileEncoding = 4; lastKnownFileType = sourcecode.swift; path = "UIView+Extensions.swift"; sourceTree = "<group>"; };
		061B5885209AEF8600AF03AC /* UIButton+Extensions.swift */ = {isa = PBXFileReference; lastKnownFileType = sourcecode.swift; path = "UIButton+Extensions.swift"; sourceTree = "<group>"; };
		061B5887209AF07300AF03AC /* UILabel+Extensions.swift */ = {isa = PBXFileReference; lastKnownFileType = sourcecode.swift; path = "UILabel+Extensions.swift"; sourceTree = "<group>"; };
		061B5889209AF4C100AF03AC /* UITextField+Extensions.swift */ = {isa = PBXFileReference; lastKnownFileType = sourcecode.swift; path = "UITextField+Extensions.swift"; sourceTree = "<group>"; };
		061B588D209B026400AF03AC /* LICENSE */ = {isa = PBXFileReference; lastKnownFileType = text; path = LICENSE; sourceTree = "<group>"; };
		061B588F209B07CF00AF03AC /* README.md */ = {isa = PBXFileReference; lastKnownFileType = net.daringfireball.markdown; path = README.md; sourceTree = "<group>"; };
		061B5891209B132F00AF03AC /* Oneline.podspec */ = {isa = PBXFileReference; fileEncoding = 4; lastKnownFileType = text; path = Oneline.podspec; sourceTree = "<group>"; };
		063F89D222BF63ED00B95C12 /* UIStackView+Extensions.swift */ = {isa = PBXFileReference; lastKnownFileType = sourcecode.swift; path = "UIStackView+Extensions.swift"; sourceTree = "<group>"; };
		064DF2E020A41FB2005EA81D /* Default-568h@2x.png */ = {isa = PBXFileReference; lastKnownFileType = image.png; path = "Default-568h@2x.png"; sourceTree = "<group>"; };
		0667D61420AACF5D00B0ADD0 /* OnelineTests.xctest */ = {isa = PBXFileReference; explicitFileType = wrapper.cfbundle; includeInIndex = 0; path = OnelineTests.xctest; sourceTree = BUILT_PRODUCTS_DIR; };
		0667D61620AACF5D00B0ADD0 /* OnelineTests.swift */ = {isa = PBXFileReference; lastKnownFileType = sourcecode.swift; path = OnelineTests.swift; sourceTree = "<group>"; };
		0667D61820AACF5D00B0ADD0 /* Info.plist */ = {isa = PBXFileReference; lastKnownFileType = text.plist.xml; path = Info.plist; sourceTree = "<group>"; };
		06E2C137209ACD4C00D7546C /* Oneline.app */ = {isa = PBXFileReference; explicitFileType = wrapper.application; includeInIndex = 0; path = Oneline.app; sourceTree = BUILT_PRODUCTS_DIR; };
		06E2C13A209ACD4C00D7546C /* AppDelegate.swift */ = {isa = PBXFileReference; lastKnownFileType = sourcecode.swift; path = AppDelegate.swift; sourceTree = "<group>"; };
		06E2C13C209ACD4C00D7546C /* ViewController.swift */ = {isa = PBXFileReference; lastKnownFileType = sourcecode.swift; path = ViewController.swift; sourceTree = "<group>"; };
		06E2C13F209ACD4C00D7546C /* Base */ = {isa = PBXFileReference; lastKnownFileType = file.storyboard; name = Base; path = Base.lproj/Main.storyboard; sourceTree = "<group>"; };
		06E2C141209ACD4C00D7546C /* Assets.xcassets */ = {isa = PBXFileReference; lastKnownFileType = folder.assetcatalog; path = Assets.xcassets; sourceTree = "<group>"; };
		06E2C144209ACD4C00D7546C /* Base */ = {isa = PBXFileReference; lastKnownFileType = file.storyboard; name = Base; path = Base.lproj/LaunchScreen.storyboard; sourceTree = "<group>"; };
		06E2C146209ACD4D00D7546C /* Info.plist */ = {isa = PBXFileReference; lastKnownFileType = text.plist.xml; path = Info.plist; sourceTree = "<group>"; };
/* End PBXFileReference section */

/* Begin PBXFrameworksBuildPhase section */
		0667D61120AACF5D00B0ADD0 /* Frameworks */ = {
			isa = PBXFrameworksBuildPhase;
			buildActionMask = 2147483647;
			files = (
			);
			runOnlyForDeploymentPostprocessing = 0;
		};
		06E2C134209ACD4C00D7546C /* Frameworks */ = {
			isa = PBXFrameworksBuildPhase;
			buildActionMask = 2147483647;
			files = (
			);
			runOnlyForDeploymentPostprocessing = 0;
		};
/* End PBXFrameworksBuildPhase section */

/* Begin PBXGroup section */
		061B5882209ADA6100AF03AC /* Classes */ = {
			isa = PBXGroup;
			children = (
				061B5883209ADABA00AF03AC /* UIView+Extensions.swift */,
				061030AB229FE3A700956790 /* UIControl+Extensions.swift */,
				061B5885209AEF8600AF03AC /* UIButton+Extensions.swift */,
				061B5887209AF07300AF03AC /* UILabel+Extensions.swift */,
				061B5889209AF4C100AF03AC /* UITextField+Extensions.swift */,
				063F89D222BF63ED00B95C12 /* UIStackView+Extensions.swift */,
			);
			path = Classes;
			sourceTree = "<group>";
		};
		0667D61520AACF5D00B0ADD0 /* OnelineTests */ = {
			isa = PBXGroup;
			children = (
				0667D61620AACF5D00B0ADD0 /* OnelineTests.swift */,
				0667D61820AACF5D00B0ADD0 /* Info.plist */,
			);
			path = OnelineTests;
			sourceTree = "<group>";
		};
		06E2C12E209ACD4C00D7546C = {
			isa = PBXGroup;
			children = (
				06148F4120A563DF00A37BE6 /* .travis.yml */,
				064DF2E020A41FB2005EA81D /* Default-568h@2x.png */,
				061B5891209B132F00AF03AC /* Oneline.podspec */,
				061B588F209B07CF00AF03AC /* README.md */,
				061B588D209B026400AF03AC /* LICENSE */,
				06E2C139209ACD4C00D7546C /* Oneline */,
				0667D61520AACF5D00B0ADD0 /* OnelineTests */,
				06E2C138209ACD4C00D7546C /* Products */,
			);
			sourceTree = "<group>";
		};
		06E2C138209ACD4C00D7546C /* Products */ = {
			isa = PBXGroup;
			children = (
				06E2C137209ACD4C00D7546C /* Oneline.app */,
				0667D61420AACF5D00B0ADD0 /* OnelineTests.xctest */,
			);
			name = Products;
			sourceTree = "<group>";
		};
		06E2C139209ACD4C00D7546C /* Oneline */ = {
			isa = PBXGroup;
			children = (
				061B5882209ADA6100AF03AC /* Classes */,
				06E2C13A209ACD4C00D7546C /* AppDelegate.swift */,
				06E2C13C209ACD4C00D7546C /* ViewController.swift */,
				06E2C13E209ACD4C00D7546C /* Main.storyboard */,
				06E2C141209ACD4C00D7546C /* Assets.xcassets */,
				06E2C143209ACD4C00D7546C /* LaunchScreen.storyboard */,
				06E2C146209ACD4D00D7546C /* Info.plist */,
			);
			path = Oneline;
			sourceTree = "<group>";
		};
/* End PBXGroup section */

/* Begin PBXNativeTarget section */
		0667D61320AACF5D00B0ADD0 /* OnelineTests */ = {
			isa = PBXNativeTarget;
			buildConfigurationList = 0667D61B20AACF5D00B0ADD0 /* Build configuration list for PBXNativeTarget "OnelineTests" */;
			buildPhases = (
				0667D61020AACF5D00B0ADD0 /* Sources */,
				0667D61120AACF5D00B0ADD0 /* Frameworks */,
				0667D61220AACF5D00B0ADD0 /* Resources */,
			);
			buildRules = (
			);
			dependencies = (
				0667D61A20AACF5D00B0ADD0 /* PBXTargetDependency */,
			);
			name = OnelineTests;
			productName = OnelineTests;
			productReference = 0667D61420AACF5D00B0ADD0 /* OnelineTests.xctest */;
			productType = "com.apple.product-type.bundle.unit-test";
		};
		06E2C136209ACD4C00D7546C /* Oneline */ = {
			isa = PBXNativeTarget;
			buildConfigurationList = 06E2C149209ACD4D00D7546C /* Build configuration list for PBXNativeTarget "Oneline" */;
			buildPhases = (
				06E2C133209ACD4C00D7546C /* Sources */,
				06E2C134209ACD4C00D7546C /* Frameworks */,
				06E2C135209ACD4C00D7546C /* Resources */,
			);
			buildRules = (
			);
			dependencies = (
			);
			name = Oneline;
			productName = One;
			productReference = 06E2C137209ACD4C00D7546C /* Oneline.app */;
			productType = "com.apple.product-type.application";
		};
/* End PBXNativeTarget section */

/* Begin PBXProject section */
		06E2C12F209ACD4C00D7546C /* Project object */ = {
			isa = PBXProject;
			attributes = {
				LastSwiftUpdateCheck = 0930;
				LastUpgradeCheck = 1000;
				ORGANIZATIONNAME = 2359Media;
				TargetAttributes = {
					0667D61320AACF5D00B0ADD0 = {
						CreatedOnToolsVersion = 9.3.1;
						LastSwiftMigration = 1020;
						ProvisioningStyle = Automatic;
						TestTargetID = 06E2C136209ACD4C00D7546C;
					};
					06E2C136209ACD4C00D7546C = {
						CreatedOnToolsVersion = 9.2;
						LastSwiftMigration = 1020;
						ProvisioningStyle = Automatic;
					};
				};
			};
			buildConfigurationList = 06E2C132209ACD4C00D7546C /* Build configuration list for PBXProject "Oneline" */;
			compatibilityVersion = "Xcode 8.0";
			developmentRegion = en;
			hasScannedForEncodings = 0;
			knownRegions = (
				en,
				Base,
			);
			mainGroup = 06E2C12E209ACD4C00D7546C;
			productRefGroup = 06E2C138209ACD4C00D7546C /* Products */;
			projectDirPath = "";
			projectRoot = "";
			targets = (
				06E2C136209ACD4C00D7546C /* Oneline */,
				0667D61320AACF5D00B0ADD0 /* OnelineTests */,
			);
		};
/* End PBXProject section */

/* Begin PBXResourcesBuildPhase section */
		0667D61220AACF5D00B0ADD0 /* Resources */ = {
			isa = PBXResourcesBuildPhase;
			buildActionMask = 2147483647;
			files = (
			);
			runOnlyForDeploymentPostprocessing = 0;
		};
		06E2C135209ACD4C00D7546C /* Resources */ = {
			isa = PBXResourcesBuildPhase;
			buildActionMask = 2147483647;
			files = (
				061B5892209B132F00AF03AC /* Oneline.podspec in Resources */,
				061B5890209B07CF00AF03AC /* README.md in Resources */,
				06148F4220A563DF00A37BE6 /* .travis.yml in Resources */,
				06E2C145209ACD4C00D7546C /* LaunchScreen.storyboard in Resources */,
				06E2C142209ACD4C00D7546C /* Assets.xcassets in Resources */,
				064DF2E120A41FB2005EA81D /* Default-568h@2x.png in Resources */,
				06E2C140209ACD4C00D7546C /* Main.storyboard in Resources */,
				061B588E209B026400AF03AC /* LICENSE in Resources */,
			);
			runOnlyForDeploymentPostprocessing = 0;
		};
/* End PBXResourcesBuildPhase section */

/* Begin PBXSourcesBuildPhase section */
		0667D61020AACF5D00B0ADD0 /* Sources */ = {
			isa = PBXSourcesBuildPhase;
			buildActionMask = 2147483647;
			files = (
				0667D61720AACF5D00B0ADD0 /* OnelineTests.swift in Sources */,
			);
			runOnlyForDeploymentPostprocessing = 0;
		};
		06E2C133209ACD4C00D7546C /* Sources */ = {
			isa = PBXSourcesBuildPhase;
			buildActionMask = 2147483647;
			files = (
				061B5884209ADABA00AF03AC /* UIView+Extensions.swift in Sources */,
				063F89D322BF63ED00B95C12 /* UIStackView+Extensions.swift in Sources */,
				061B5888209AF07300AF03AC /* UILabel+Extensions.swift in Sources */,
				061B5886209AEF8600AF03AC /* UIButton+Extensions.swift in Sources */,
				061B588A209AF4C100AF03AC /* UITextField+Extensions.swift in Sources */,
				06E2C13D209ACD4C00D7546C /* ViewController.swift in Sources */,
				061030AC229FE3A700956790 /* UIControl+Extensions.swift in Sources */,
				06E2C13B209ACD4C00D7546C /* AppDelegate.swift in Sources */,
			);
			runOnlyForDeploymentPostprocessing = 0;
		};
/* End PBXSourcesBuildPhase section */

/* Begin PBXTargetDependency section */
		0667D61A20AACF5D00B0ADD0 /* PBXTargetDependency */ = {
			isa = PBXTargetDependency;
			target = 06E2C136209ACD4C00D7546C /* Oneline */;
			targetProxy = 0667D61920AACF5D00B0ADD0 /* PBXContainerItemProxy */;
		};
/* End PBXTargetDependency section */

/* Begin PBXVariantGroup section */
		06E2C13E209ACD4C00D7546C /* Main.storyboard */ = {
			isa = PBXVariantGroup;
			children = (
				06E2C13F209ACD4C00D7546C /* Base */,
			);
			name = Main.storyboard;
			sourceTree = "<group>";
		};
		06E2C143209ACD4C00D7546C /* LaunchScreen.storyboard */ = {
			isa = PBXVariantGroup;
			children = (
				06E2C144209ACD4C00D7546C /* Base */,
			);
			name = LaunchScreen.storyboard;
			sourceTree = "<group>";
		};
/* End PBXVariantGroup section */

/* Begin XCBuildConfiguration section */
		0667D61C20AACF5D00B0ADD0 /* Debug */ = {
			isa = XCBuildConfiguration;
			buildSettings = {
				BUNDLE_LOADER = "$(TEST_HOST)";
				CLANG_ENABLE_OBJC_WEAK = YES;
				CLANG_WARN_DEPRECATED_OBJC_IMPLEMENTATIONS = YES;
				CLANG_WARN_OBJC_IMPLICIT_RETAIN_SELF = YES;
				CODE_SIGN_STYLE = Automatic;
				DEVELOPMENT_TEAM = 7Q65US49K6;
				INFOPLIST_FILE = OnelineTests/Info.plist;
				IPHONEOS_DEPLOYMENT_TARGET = 11.3;
				LD_RUNPATH_SEARCH_PATHS = "$(inherited) @executable_path/Frameworks @loader_path/Frameworks";
				PRODUCT_BUNDLE_IDENTIFIER = com.2359media.OnelineTests;
				PRODUCT_NAME = "$(TARGET_NAME)";
				SWIFT_VERSION = 5.0;
				TARGETED_DEVICE_FAMILY = "1,2";
				TEST_HOST = "$(BUILT_PRODUCTS_DIR)/Oneline.app/Oneline";
			};
			name = Debug;
		};
		0667D61D20AACF5D00B0ADD0 /* Release */ = {
			isa = XCBuildConfiguration;
			buildSettings = {
				BUNDLE_LOADER = "$(TEST_HOST)";
				CLANG_ENABLE_OBJC_WEAK = YES;
				CLANG_WARN_DEPRECATED_OBJC_IMPLEMENTATIONS = YES;
				CLANG_WARN_OBJC_IMPLICIT_RETAIN_SELF = YES;
				CODE_SIGN_STYLE = Automatic;
				DEVELOPMENT_TEAM = 7Q65US49K6;
				INFOPLIST_FILE = OnelineTests/Info.plist;
				IPHONEOS_DEPLOYMENT_TARGET = 11.3;
				LD_RUNPATH_SEARCH_PATHS = "$(inherited) @executable_path/Frameworks @loader_path/Frameworks";
				PRODUCT_BUNDLE_IDENTIFIER = com.2359media.OnelineTests;
				PRODUCT_NAME = "$(TARGET_NAME)";
				SWIFT_VERSION = 5.0;
				TARGETED_DEVICE_FAMILY = "1,2";
				TEST_HOST = "$(BUILT_PRODUCTS_DIR)/Oneline.app/Oneline";
			};
			name = Release;
		};
		06E2C147209ACD4D00D7546C /* Debug */ = {
			isa = XCBuildConfiguration;
			buildSettings = {
				ALWAYS_SEARCH_USER_PATHS = NO;
				CLANG_ANALYZER_NONNULL = YES;
				CLANG_ANALYZER_NUMBER_OBJECT_CONVERSION = YES_AGGRESSIVE;
				CLANG_CXX_LANGUAGE_STANDARD = "gnu++14";
				CLANG_CXX_LIBRARY = "libc++";
				CLANG_ENABLE_MODULES = YES;
				CLANG_ENABLE_OBJC_ARC = YES;
				CLANG_WARN_BLOCK_CAPTURE_AUTORELEASING = YES;
				CLANG_WARN_BOOL_CONVERSION = YES;
				CLANG_WARN_COMMA = YES;
				CLANG_WARN_CONSTANT_CONVERSION = YES;
				CLANG_WARN_DEPRECATED_OBJC_IMPLEMENTATIONS = YES;
				CLANG_WARN_DIRECT_OBJC_ISA_USAGE = YES_ERROR;
				CLANG_WARN_DOCUMENTATION_COMMENTS = YES;
				CLANG_WARN_EMPTY_BODY = YES;
				CLANG_WARN_ENUM_CONVERSION = YES;
				CLANG_WARN_INFINITE_RECURSION = YES;
				CLANG_WARN_INT_CONVERSION = YES;
				CLANG_WARN_NON_LITERAL_NULL_CONVERSION = YES;
				CLANG_WARN_OBJC_IMPLICIT_RETAIN_SELF = YES;
				CLANG_WARN_OBJC_LITERAL_CONVERSION = YES;
				CLANG_WARN_OBJC_ROOT_CLASS = YES_ERROR;
				CLANG_WARN_RANGE_LOOP_ANALYSIS = YES;
				CLANG_WARN_STRICT_PROTOTYPES = YES;
				CLANG_WARN_SUSPICIOUS_MOVE = YES;
				CLANG_WARN_UNGUARDED_AVAILABILITY = YES_AGGRESSIVE;
				CLANG_WARN_UNREACHABLE_CODE = YES;
				CLANG_WARN__DUPLICATE_METHOD_MATCH = YES;
				CODE_SIGN_IDENTITY = "iPhone Developer";
				COPY_PHASE_STRIP = NO;
				DEBUG_INFORMATION_FORMAT = dwarf;
				ENABLE_STRICT_OBJC_MSGSEND = YES;
				ENABLE_TESTABILITY = YES;
				GCC_C_LANGUAGE_STANDARD = gnu11;
				GCC_DYNAMIC_NO_PIC = NO;
				GCC_NO_COMMON_BLOCKS = YES;
				GCC_OPTIMIZATION_LEVEL = 0;
				GCC_PREPROCESSOR_DEFINITIONS = (
					"DEBUG=1",
					"$(inherited)",
				);
				GCC_WARN_64_TO_32_BIT_CONVERSION = YES;
				GCC_WARN_ABOUT_RETURN_TYPE = YES_ERROR;
				GCC_WARN_UNDECLARED_SELECTOR = YES;
				GCC_WARN_UNINITIALIZED_AUTOS = YES_AGGRESSIVE;
				GCC_WARN_UNUSED_FUNCTION = YES;
				GCC_WARN_UNUSED_VARIABLE = YES;
				IPHONEOS_DEPLOYMENT_TARGET = 11.2;
				MTL_ENABLE_DEBUG_INFO = YES;
				ONLY_ACTIVE_ARCH = YES;
				SDKROOT = iphoneos;
				SWIFT_ACTIVE_COMPILATION_CONDITIONS = DEBUG;
				SWIFT_OPTIMIZATION_LEVEL = "-Onone";
			};
			name = Debug;
		};
		06E2C148209ACD4D00D7546C /* Release */ = {
			isa = XCBuildConfiguration;
			buildSettings = {
				ALWAYS_SEARCH_USER_PATHS = NO;
				CLANG_ANALYZER_NONNULL = YES;
				CLANG_ANALYZER_NUMBER_OBJECT_CONVERSION = YES_AGGRESSIVE;
				CLANG_CXX_LANGUAGE_STANDARD = "gnu++14";
				CLANG_CXX_LIBRARY = "libc++";
				CLANG_ENABLE_MODULES = YES;
				CLANG_ENABLE_OBJC_ARC = YES;
				CLANG_WARN_BLOCK_CAPTURE_AUTORELEASING = YES;
				CLANG_WARN_BOOL_CONVERSION = YES;
				CLANG_WARN_COMMA = YES;
				CLANG_WARN_CONSTANT_CONVERSION = YES;
				CLANG_WARN_DEPRECATED_OBJC_IMPLEMENTATIONS = YES;
				CLANG_WARN_DIRECT_OBJC_ISA_USAGE = YES_ERROR;
				CLANG_WARN_DOCUMENTATION_COMMENTS = YES;
				CLANG_WARN_EMPTY_BODY = YES;
				CLANG_WARN_ENUM_CONVERSION = YES;
				CLANG_WARN_INFINITE_RECURSION = YES;
				CLANG_WARN_INT_CONVERSION = YES;
				CLANG_WARN_NON_LITERAL_NULL_CONVERSION = YES;
				CLANG_WARN_OBJC_IMPLICIT_RETAIN_SELF = YES;
				CLANG_WARN_OBJC_LITERAL_CONVERSION = YES;
				CLANG_WARN_OBJC_ROOT_CLASS = YES_ERROR;
				CLANG_WARN_RANGE_LOOP_ANALYSIS = YES;
				CLANG_WARN_STRICT_PROTOTYPES = YES;
				CLANG_WARN_SUSPICIOUS_MOVE = YES;
				CLANG_WARN_UNGUARDED_AVAILABILITY = YES_AGGRESSIVE;
				CLANG_WARN_UNREACHABLE_CODE = YES;
				CLANG_WARN__DUPLICATE_METHOD_MATCH = YES;
				CODE_SIGN_IDENTITY = "iPhone Developer";
				COPY_PHASE_STRIP = NO;
				DEBUG_INFORMATION_FORMAT = "dwarf-with-dsym";
				ENABLE_NS_ASSERTIONS = NO;
				ENABLE_STRICT_OBJC_MSGSEND = YES;
				GCC_C_LANGUAGE_STANDARD = gnu11;
				GCC_NO_COMMON_BLOCKS = YES;
				GCC_WARN_64_TO_32_BIT_CONVERSION = YES;
				GCC_WARN_ABOUT_RETURN_TYPE = YES_ERROR;
				GCC_WARN_UNDECLARED_SELECTOR = YES;
				GCC_WARN_UNINITIALIZED_AUTOS = YES_AGGRESSIVE;
				GCC_WARN_UNUSED_FUNCTION = YES;
				GCC_WARN_UNUSED_VARIABLE = YES;
				IPHONEOS_DEPLOYMENT_TARGET = 11.2;
				MTL_ENABLE_DEBUG_INFO = NO;
				SDKROOT = iphoneos;
				SWIFT_OPTIMIZATION_LEVEL = "-Owholemodule";
				VALIDATE_PRODUCT = YES;
			};
			name = Release;
		};
		06E2C14A209ACD4D00D7546C /* Debug */ = {
			isa = XCBuildConfiguration;
			buildSettings = {
				ASSETCATALOG_COMPILER_APPICON_NAME = AppIcon;
				CODE_SIGN_IDENTITY = "iPhone Developer";
				CODE_SIGN_STYLE = Automatic;
				DEVELOPMENT_TEAM = BXU3B85A8F;
				INFOPLIST_FILE = Oneline/Info.plist;
				IPHONEOS_DEPLOYMENT_TARGET = 8.0;
				LD_RUNPATH_SEARCH_PATHS = "$(inherited) @executable_path/Frameworks";
				PRODUCT_BUNDLE_IDENTIFIER = com.2359media.Oneline;
				PRODUCT_NAME = "$(TARGET_NAME)";
				PROVISIONING_PROFILE = "";
				PROVISIONING_PROFILE_SPECIFIER = "";
				SWIFT_VERSION = 5.0;
				TARGETED_DEVICE_FAMILY = "1,2";
			};
			name = Debug;
		};
		06E2C14B209ACD4D00D7546C /* Release */ = {
			isa = XCBuildConfiguration;
			buildSettings = {
				ASSETCATALOG_COMPILER_APPICON_NAME = AppIcon;
				CODE_SIGN_IDENTITY = "iPhone Developer";
				CODE_SIGN_STYLE = Automatic;
				DEVELOPMENT_TEAM = BXU3B85A8F;
				INFOPLIST_FILE = Oneline/Info.plist;
				IPHONEOS_DEPLOYMENT_TARGET = 8.0;
				LD_RUNPATH_SEARCH_PATHS = "$(inherited) @executable_path/Frameworks";
				PRODUCT_BUNDLE_IDENTIFIER = com.2359media.Oneline;
				PRODUCT_NAME = "$(TARGET_NAME)";
				PROVISIONING_PROFILE = "";
				PROVISIONING_PROFILE_SPECIFIER = "";
				SWIFT_VERSION = 5.0;
				TARGETED_DEVICE_FAMILY = "1,2";
			};
			name = Release;
		};
/* End XCBuildConfiguration section */

/* Begin XCConfigurationList section */
		0667D61B20AACF5D00B0ADD0 /* Build configuration list for PBXNativeTarget "OnelineTests" */ = {
			isa = XCConfigurationList;
			buildConfigurations = (
				0667D61C20AACF5D00B0ADD0 /* Debug */,
				0667D61D20AACF5D00B0ADD0 /* Release */,
			);
			defaultConfigurationIsVisible = 0;
			defaultConfigurationName = Release;
		};
		06E2C132209ACD4C00D7546C /* Build configuration list for PBXProject "Oneline" */ = {
			isa = XCConfigurationList;
			buildConfigurations = (
				06E2C147209ACD4D00D7546C /* Debug */,
				06E2C148209ACD4D00D7546C /* Release */,
			);
			defaultConfigurationIsVisible = 0;
			defaultConfigurationName = Release;
		};
		06E2C149209ACD4D00D7546C /* Build configuration list for PBXNativeTarget "Oneline" */ = {
			isa = XCConfigurationList;
			buildConfigurations = (
				06E2C14A209ACD4D00D7546C /* Debug */,
				06E2C14B209ACD4D00D7546C /* Release */,
			);
			defaultConfigurationIsVisible = 0;
			defaultConfigurationName = Release;
		};
/* End XCConfigurationList section */
	};
	rootObject = 06E2C12F209ACD4C00D7546C /* Project object */;
}
